
Microsoft Visual Studio Solution File, Format Version 12.00
# Visual Studio Version 17
VisualStudioVersion = 17.8.34511.84
MinimumVisualStudioVersion = 10.0.40219.1
Project("{FAE04EC0-301F-11D3-BF4B-00C04F79EFBC}") = "TP_Serialization", "TP_Serialization.csproj", "{689CC10B-5D78-41F6-8DB9-669150B8966C}"
EndProject
Global
	GlobalSection(SolutionConfigurationPlatforms) = preSolution
		Debug|Any CPU = Debug|Any CPU
		Release|Any CPU = Release|Any CPU
	EndGlobalSection
	GlobalSection(ProjectConfigurationPlatforms) = postSolution
		{689CC10B-5D78-41F6-8DB9-669150B8966C}.Debug|Any CPU.ActiveCfg = Debug|Any CPU
		{689CC10B-5D78-41F6-8DB9-669150B8966C}.Debug|Any CPU.Build.0 = Debug|Any CPU
		{689CC10B-5D78-41F6-8DB9-669150B8966C}.Release|Any CPU.ActiveCfg = Release|Any CPU
		{689CC10B-5D78-41F6-8DB9-669150B8966C}.Release|Any CPU.Build.0 = Release|Any CPU
	EndGlobalSection
	GlobalSection(SolutionProperties) = preSolution
		HideSolutionNode = FALSE
	EndGlobalSection
	GlobalSection(ExtensibilityGlobals) = postSolution
		SolutionGuid = {71570A1B-3952-44BE-AA71-2C6FEDC9871F}
	EndGlobalSection
EndGlobal
