
Microsoft Visual Studio Solution File, Format Version 12.00
# Visual Studio Version 17
VisualStudioVersion = 17.8.34511.84
MinimumVisualStudioVersion = 10.0.40219.1
Project("{FAE04EC0-301F-11D3-BF4B-00C04F79EFBC}") = "TD3_C#_LesPays", "TD3_C#_LesPays.csproj", "{3505FD63-C30F-4AC1-B0D3-B2D6546BC61D}"
EndProject
Global
	GlobalSection(SolutionConfigurationPlatforms) = preSolution
		Debug|Any CPU = Debug|Any CPU
		Release|Any CPU = Release|Any CPU
	EndGlobalSection
	GlobalSection(ProjectConfigurationPlatforms) = postSolution
		{3505FD63-C30F-4AC1-B0D3-B2D6546BC61D}.Debug|Any CPU.ActiveCfg = Debug|Any CPU
		{3505FD63-C30F-4AC1-B0D3-B2D6546BC61D}.Debug|Any CPU.Build.0 = Debug|Any CPU
		{3505FD63-C30F-4AC1-B0D3-B2D6546BC61D}.Release|Any CPU.ActiveCfg = Release|Any CPU
		{3505FD63-C30F-4AC1-B0D3-B2D6546BC61D}.Release|Any CPU.Build.0 = Release|Any CPU
	EndGlobalSection
	GlobalSection(SolutionProperties) = preSolution
		HideSolutionNode = FALSE
	EndGlobalSection
	GlobalSection(ExtensibilityGlobals) = postSolution
		SolutionGuid = {F2DDF83B-7CFE-4201-AEB8-5FD2E37D9822}
	EndGlobalSection
EndGlobal
