
Microsoft Visual Studio Solution File, Format Version 12.00
# Visual Studio Version 17
VisualStudioVersion = 17.8.34511.84
MinimumVisualStudioVersion = 10.0.40219.1
Project("{FAE04EC0-301F-11D3-BF4B-00C04F79EFBC}") = "TP4_C#", "TP4_C#.csproj", "{F8231714-D53C-40C9-913C-C50D7C3F9616}"
EndProject
Global
	GlobalSection(SolutionConfigurationPlatforms) = preSolution
		Debug|Any CPU = Debug|Any CPU
		Release|Any CPU = Release|Any CPU
	EndGlobalSection
	GlobalSection(ProjectConfigurationPlatforms) = postSolution
		{F8231714-D53C-40C9-913C-C50D7C3F9616}.Debug|Any CPU.ActiveCfg = Debug|Any CPU
		{F8231714-D53C-40C9-913C-C50D7C3F9616}.Debug|Any CPU.Build.0 = Debug|Any CPU
		{F8231714-D53C-40C9-913C-C50D7C3F9616}.Release|Any CPU.ActiveCfg = Release|Any CPU
		{F8231714-D53C-40C9-913C-C50D7C3F9616}.Release|Any CPU.Build.0 = Release|Any CPU
	EndGlobalSection
	GlobalSection(SolutionProperties) = preSolution
		HideSolutionNode = FALSE
	EndGlobalSection
	GlobalSection(ExtensibilityGlobals) = postSolution
		SolutionGuid = {6DC96F6C-F3E6-4845-91E8-DFA5C9119617}
	EndGlobalSection
EndGlobal
